
Microsoft Visual Studio Solution File, Format Version 12.00
# Visual Studio Version 17
VisualStudioVersion = 17.13.35825.156 d17.13
MinimumVisualStudioVersion = 10.0.40219.1
Project("{FAE04EC0-301F-11D3-BF4B-00C04F79EFBC}") = "AaDS_project", "AaDS_project\AaDS_project.csproj", "{0CA39416-CDC3-4424-BEA7-E947A55088AB}"
EndProject
Global
	GlobalSection(SolutionConfigurationPlatforms) = preSolution
		Debug|Any CPU = Debug|Any CPU
		Release|Any CPU = Release|Any CPU
	EndGlobalSection
	GlobalSection(ProjectConfigurationPlatforms) = postSolution
		{0CA39416-CDC3-4424-BEA7-E947A55088AB}.Debug|Any CPU.ActiveCfg = Debug|Any CPU
		{0CA39416-CDC3-4424-BEA7-E947A55088AB}.Debug|Any CPU.Build.0 = Debug|Any CPU
		{0CA39416-CDC3-4424-BEA7-E947A55088AB}.Release|Any CPU.ActiveCfg = Release|Any CPU
		{0CA39416-CDC3-4424-BEA7-E947A55088AB}.Release|Any CPU.Build.0 = Release|Any CPU
	EndGlobalSection
	GlobalSection(SolutionProperties) = preSolution
		HideSolutionNode = FALSE
	EndGlobalSection
	GlobalSection(ExtensibilityGlobals) = postSolution
		SolutionGuid = {A624E652-AAEA-4ABA-AD56-E4D80A82798F}
	EndGlobalSection
EndGlobal
